// !$*UTF8*$!
{
	archiveVersion = 1;
	classes = {
	};
	objectVersion = 48;
	objects = {

/* Begin PBXBuildFile section */
		28A67C1448DBBBC168052EEC /* libPods-MBLive_iOS.a in Frameworks */ = {isa = PBXBuildFile; fileRef = 8C61D1668BCB414A5A1A8A80 /* libPods-MBLive_iOS.a */; };
		5105C8BC204E34E4000848CD /* MBThirdLogin.m in Sources */ = {isa = PBXBuildFile; fileRef = 5105C8BB204E34E4000848CD /* MBThirdLogin.m */; };
		5105C8BE204E3C3D000848CD /* UIKit.framework in Frameworks */ = {isa = PBXBuildFile; fileRef = 5105C8BD204E3C3D000848CD /* UIKit.framework */; };
		5105C8C5204E3E66000848CD /* UIDevice+MBExtension.m in Sources */ = {isa = PBXBuildFile; fileRef = 5105C8C4204E3E66000848CD /* UIDevice+MBExtension.m */; };
		5105C8C8204E3FB5000848CD /* NSObject+MBHUD.m in Sources */ = {isa = PBXBuildFile; fileRef = 5105C8C7204E3FB5000848CD /* NSObject+MBHUD.m */; };
		5105C8CA204E4152000848CD /* MBLiveViewController.storyboard in Resources */ = {isa = PBXBuildFile; fileRef = 5105C8C9204E4152000848CD /* MBLiveViewController.storyboard */; };
		510848942050D79E00A30BBF /* MBLiveVc.m in Sources */ = {isa = PBXBuildFile; fileRef = 510848932050D79E00A30BBF /* MBLiveVc.m */; };
		510848972051089900A30BBF /* MBLiveCell.m in Sources */ = {isa = PBXBuildFile; fileRef = 510848962051089900A30BBF /* MBLiveCell.m */; };
		5108489A205109D800A30BBF /* MBBottomToolView.m in Sources */ = {isa = PBXBuildFile; fileRef = 51084899205109D800A30BBF /* MBBottomToolView.m */; };
		51093C6D2051262900C4FFEA /* MBUserView.m in Sources */ = {isa = PBXBuildFile; fileRef = 51093C6C2051262900C4FFEA /* MBUserView.m */; };
		51093C712051267800C4FFEA /* MBUserView.xib in Resources */ = {isa = PBXBuildFile; fileRef = 51093C702051267800C4FFEA /* MBUserView.xib */; };
		51B939F0204E738C00631AAF /* Reachability.m in Sources */ = {isa = PBXBuildFile; fileRef = 51B939EE204E738C00631AAF /* Reachability.m */; };
		51B939F5204E74B300631AAF /* MBNetworkTool.m in Sources */ = {isa = PBXBuildFile; fileRef = 51B939F4204E74B300631AAF /* MBNetworkTool.m */; };
		51B939F8204E762D00631AAF /* MBTopWindow.m in Sources */ = {isa = PBXBuildFile; fileRef = 51B939F7204E762D00631AAF /* MBTopWindow.m */; };
		51B939FB204E76AD00631AAF /* UIView+MBExtension.m in Sources */ = {isa = PBXBuildFile; fileRef = 51B939FA204E76AD00631AAF /* UIView+MBExtension.m */; };
		51B93A2F204E852600631AAF /* MBHomeLiveModel.m in Sources */ = {isa = PBXBuildFile; fileRef = 51B93A2E204E852600631AAF /* MBHomeLiveModel.m */; };
		51B93A31204E8B3A00631AAF /* IJKMediaFramework.framework in Frameworks */ = {isa = PBXBuildFile; fileRef = 51B93A30204E8B3A00631AAF /* IJKMediaFramework.framework */; };
		51B93A35204E8CB000631AAF /* MBSelectedView.m in Sources */ = {isa = PBXBuildFile; fileRef = 51B93A34204E8CB000631AAF /* MBSelectedView.m */; };
		51B93A39204E8E0300631AAF /* MBConstant.m in Sources */ = {isa = PBXBuildFile; fileRef = 51B93A38204E8E0300631AAF /* MBConstant.m */; };
		51B93A3C204E8FE000631AAF /* MBHotVc.m in Sources */ = {isa = PBXBuildFile; fileRef = 51B93A3B204E8FE000631AAF /* MBHotVc.m */; };
		51B93A43204E90FB00631AAF /* MBHotCell.m in Sources */ = {isa = PBXBuildFile; fileRef = 51B93A41204E90FB00631AAF /* MBHotCell.m */; };
		51B93A44204E90FB00631AAF /* MBHotCell.xib in Resources */ = {isa = PBXBuildFile; fileRef = 51B93A42204E90FB00631AAF /* MBHotCell.xib */; };
		51C93A8620521C430009A52C /* MBCatEarView.m in Sources */ = {isa = PBXBuildFile; fileRef = 51C93A8520521C430009A52C /* MBCatEarView.m */; };
		51C93A8820521C5A0009A52C /* MBCatEarView.xib in Resources */ = {isa = PBXBuildFile; fileRef = 51C93A8720521C5A0009A52C /* MBCatEarView.xib */; };
		51ED000F204F7C6100B9C7AF /* UIImage+MBExtension.m in Sources */ = {isa = PBXBuildFile; fileRef = 51ED000E204F7C6100B9C7AF /* UIImage+MBExtension.m */; };
		51ED0012204F832600B9C7AF /* MBRefresh.m in Sources */ = {isa = PBXBuildFile; fileRef = 51ED0011204F832600B9C7AF /* MBRefresh.m */; };
		51ED0015204F85D500B9C7AF /* UIViewController+MBExtension.m in Sources */ = {isa = PBXBuildFile; fileRef = 51ED0014204F85D500B9C7AF /* UIViewController+MBExtension.m */; };
		51ED0018204F865B00B9C7AF /* UIImageView+MBExtension.m in Sources */ = {isa = PBXBuildFile; fileRef = 51ED0017204F865B00B9C7AF /* UIImageView+MBExtension.m */; };
		51ED001C204F87A700B9C7AF /* MBHotADModel.m in Sources */ = {isa = PBXBuildFile; fileRef = 51ED001B204F87A700B9C7AF /* MBHotADModel.m */; };
		51ED001F204F8AFA00B9C7AF /* MBHotADCell.m in Sources */ = {isa = PBXBuildFile; fileRef = 51ED001E204F8AFA00B9C7AF /* MBHotADCell.m */; };
		51ED0023204F8B8000B9C7AF /* MBBannerView.m in Sources */ = {isa = PBXBuildFile; fileRef = 51ED0022204F8B8000B9C7AF /* MBBannerView.m */; };
		51ED0026204F959700B9C7AF /* MBWebVc.m in Sources */ = {isa = PBXBuildFile; fileRef = 51ED0025204F959700B9C7AF /* MBWebVc.m */; };
		51ED002B204FBD7E00B9C7AF /* MBNewVc.m in Sources */ = {isa = PBXBuildFile; fileRef = 51ED002A204FBD7E00B9C7AF /* MBNewVc.m */; };
		51ED0030204FBE0100B9C7AF /* MBFollowVc.m in Sources */ = {isa = PBXBuildFile; fileRef = 51ED002F204FBE0100B9C7AF /* MBFollowVc.m */; };
		51ED0036204FDC8600B9C7AF /* MBUser.m in Sources */ = {isa = PBXBuildFile; fileRef = 51ED0035204FDC8600B9C7AF /* MBUser.m */; };
		51ED003B204FDE0900B9C7AF /* MBAnchorViewCell.m in Sources */ = {isa = PBXBuildFile; fileRef = 51ED0039204FDE0900B9C7AF /* MBAnchorViewCell.m */; };
		51ED003C204FDE0900B9C7AF /* MBAnchorViewCell.xib in Resources */ = {isa = PBXBuildFile; fileRef = 51ED003A204FDE0900B9C7AF /* MBAnchorViewCell.xib */; };
		51ED003F204FE24600B9C7AF /* MBNewFlowLayout.m in Sources */ = {isa = PBXBuildFile; fileRef = 51ED003E204FE24600B9C7AF /* MBNewFlowLayout.m */; };
		51F57548204CF27F0030CFD1 /* UIViewController+MBHUD.m in Sources */ = {isa = PBXBuildFile; fileRef = 51F57547204CF27F0030CFD1 /* UIViewController+MBHUD.m */; };
		51F5754C204D2BE50030CFD1 /* loginmovie.mp4 in Resources */ = {isa = PBXBuildFile; fileRef = 51F5754A204D2BE50030CFD1 /* loginmovie.mp4 */; };
		51F5754D204D2BE50030CFD1 /* login_video.mp4 in Resources */ = {isa = PBXBuildFile; fileRef = 51F5754B204D2BE50030CFD1 /* login_video.mp4 */; };
		51F57551204D33D20030CFD1 /* libz.tbd in Frameworks */ = {isa = PBXBuildFile; fileRef = 51F57550204D33D20030CFD1 /* libz.tbd */; };
		51F57553204D33E10030CFD1 /* libbz2.tbd in Frameworks */ = {isa = PBXBuildFile; fileRef = 51F57552204D33E10030CFD1 /* libbz2.tbd */; };
		51F57555204D33EB0030CFD1 /* AudioToolbox.framework in Frameworks */ = {isa = PBXBuildFile; fileRef = 51F57554204D33EB0030CFD1 /* AudioToolbox.framework */; };
		51F57557204D34200030CFD1 /* AVFoundation.framework in Frameworks */ = {isa = PBXBuildFile; fileRef = 51F57556204D34200030CFD1 /* AVFoundation.framework */; };
		51F57559204D34370030CFD1 /* CoreGraphics.framework in Frameworks */ = {isa = PBXBuildFile; fileRef = 51F57558204D34370030CFD1 /* CoreGraphics.framework */; };
		51F5755B204D347E0030CFD1 /* CoreMedia.framework in Frameworks */ = {isa = PBXBuildFile; fileRef = 51F5755A204D347E0030CFD1 /* CoreMedia.framework */; };
		51F5755D204D34870030CFD1 /* MediaPlayer.framework in Frameworks */ = {isa = PBXBuildFile; fileRef = 51F5755C204D34870030CFD1 /* MediaPlayer.framework */; };
		51F5755F204D34900030CFD1 /* MobileCoreServices.framework in Frameworks */ = {isa = PBXBuildFile; fileRef = 51F5755E204D34900030CFD1 /* MobileCoreServices.framework */; };
		51F57561204D34990030CFD1 /* OpenGLES.framework in Frameworks */ = {isa = PBXBuildFile; fileRef = 51F57560204D34990030CFD1 /* OpenGLES.framework */; };
		51F57563204D34A20030CFD1 /* QuartzCore.framework in Frameworks */ = {isa = PBXBuildFile; fileRef = 51F57562204D34A20030CFD1 /* QuartzCore.framework */; };
		51F57565204D34AF0030CFD1 /* VideoToolbox.framework in Frameworks */ = {isa = PBXBuildFile; fileRef = 51F57564204D34AF0030CFD1 /* VideoToolbox.framework */; };
		51F57567204D34CA0030CFD1 /* libstdc++.tbd in Frameworks */ = {isa = PBXBuildFile; fileRef = 51F57566204D34CA0030CFD1 /* libstdc++.tbd */; };
		51F8D8EA2048E8F000B9A10C /* ViewController.m in Sources */ = {isa = PBXBuildFile; fileRef = 51F8D8E92048E8F000B9A10C /* ViewController.m */; };
		51F8D8ED2048E8F000B9A10C /* Main.storyboard in Resources */ = {isa = PBXBuildFile; fileRef = 51F8D8EB2048E8F000B9A10C /* Main.storyboard */; };
		51F8D8EF2048E8F000B9A10C /* Assets.xcassets in Resources */ = {isa = PBXBuildFile; fileRef = 51F8D8EE2048E8F000B9A10C /* Assets.xcassets */; };
		51F8D8F22048E8F000B9A10C /* LaunchScreen.storyboard in Resources */ = {isa = PBXBuildFile; fileRef = 51F8D8F02048E8F000B9A10C /* LaunchScreen.storyboard */; };
		51F8D8FF2048E8F100B9A10C /* MBLive_iOSTests.m in Sources */ = {isa = PBXBuildFile; fileRef = 51F8D8FE2048E8F100B9A10C /* MBLive_iOSTests.m */; };
		51F8D915204929DA00B9A10C /* main.m in Sources */ = {isa = PBXBuildFile; fileRef = 51F8D912204929DA00B9A10C /* main.m */; };
		51F8D916204929DA00B9A10C /* AppDelegate.m in Sources */ = {isa = PBXBuildFile; fileRef = 51F8D913204929DA00B9A10C /* AppDelegate.m */; };
		51F8D92220492BE100B9A10C /* MBHomeViewController.m in Sources */ = {isa = PBXBuildFile; fileRef = 51F8D92120492BE100B9A10C /* MBHomeViewController.m */; };
		51F8D92520492C5D00B9A10C /* MBFollowViewController.m in Sources */ = {isa = PBXBuildFile; fileRef = 51F8D92420492C5D00B9A10C /* MBFollowViewController.m */; };
		51F8D92820492C6900B9A10C /* MBLiveViewController.m in Sources */ = {isa = PBXBuildFile; fileRef = 51F8D92720492C6900B9A10C /* MBLiveViewController.m */; };
		51F8D92B20492C7500B9A10C /* MBDiscoverViewController.m in Sources */ = {isa = PBXBuildFile; fileRef = 51F8D92A20492C7500B9A10C /* MBDiscoverViewController.m */; };
		51F8D92E20492C9B00B9A10C /* MBProfileViewController.m in Sources */ = {isa = PBXBuildFile; fileRef = 51F8D92D20492C9B00B9A10C /* MBProfileViewController.m */; };
		51F8D931204A698500B9A10C /* MBTabBarController.m in Sources */ = {isa = PBXBuildFile; fileRef = 51F8D930204A698500B9A10C /* MBTabBarController.m */; };
		51F8D934204A8CAD00B9A10C /* MBNavigationController.m in Sources */ = {isa = PBXBuildFile; fileRef = 51F8D933204A8CAD00B9A10C /* MBNavigationController.m */; };
		51F8D938204AA0E100B9A10C /* MBLoginViewController.m in Sources */ = {isa = PBXBuildFile; fileRef = 51F8D937204AA0E100B9A10C /* MBLoginViewController.m */; };
		FDBB1804FCEFDCD295F1A90E /* libPods-MBLive_iOSTests.a in Frameworks */ = {isa = PBXBuildFile; fileRef = 3EB0E199A34D1837402679FA /* libPods-MBLive_iOSTests.a */; };
/* End PBXBuildFile section */

/* Begin PBXContainerItemProxy section */
		51F8D8FB2048E8F100B9A10C /* PBXContainerItemProxy */ = {
			isa = PBXContainerItemProxy;
			containerPortal = 51F8D8DA2048E8F000B9A10C /* Project object */;
			proxyType = 1;
			remoteGlobalIDString = 51F8D8E12048E8F000B9A10C;
			remoteInfo = MBLive_iOS;
		};
/* End PBXContainerItemProxy section */

/* Begin PBXFileReference section */
		23376C486A9B35C9419651E0 /* Pods-MBLive_iOSTests.release.xcconfig */ = {isa = PBXFileReference; includeInIndex = 1; lastKnownFileType = text.xcconfig; name = "Pods-MBLive_iOSTests.release.xcconfig"; path = "Pods/Target Support Files/Pods-MBLive_iOSTests/Pods-MBLive_iOSTests.release.xcconfig"; sourceTree = "<group>"; };
		3700F1B9BA91742E7008360B /* Pods-MBLive_iOSTests.debug.xcconfig */ = {isa = PBXFileReference; includeInIndex = 1; lastKnownFileType = text.xcconfig; name = "Pods-MBLive_iOSTests.debug.xcconfig"; path = "Pods/Target Support Files/Pods-MBLive_iOSTests/Pods-MBLive_iOSTests.debug.xcconfig"; sourceTree = "<group>"; };
		3EB0E199A34D1837402679FA /* libPods-MBLive_iOSTests.a */ = {isa = PBXFileReference; explicitFileType = archive.ar; includeInIndex = 0; path = "libPods-MBLive_iOSTests.a"; sourceTree = BUILT_PRODUCTS_DIR; };
		5105C8BA204E34E4000848CD /* MBThirdLogin.h */ = {isa = PBXFileReference; lastKnownFileType = sourcecode.c.h; path = MBThirdLogin.h; sourceTree = "<group>"; };
		5105C8BB204E34E4000848CD /* MBThirdLogin.m */ = {isa = PBXFileReference; lastKnownFileType = sourcecode.c.objc; path = MBThirdLogin.m; sourceTree = "<group>"; };
		5105C8BD204E3C3D000848CD /* UIKit.framework */ = {isa = PBXFileReference; lastKnownFileType = wrapper.framework; name = UIKit.framework; path = System/Library/Frameworks/UIKit.framework; sourceTree = SDKROOT; };
		5105C8C3204E3E66000848CD /* UIDevice+MBExtension.h */ = {isa = PBXFileReference; lastKnownFileType = sourcecode.c.h; path = "UIDevice+MBExtension.h"; sourceTree = "<group>"; };
		5105C8C4204E3E66000848CD /* UIDevice+MBExtension.m */ = {isa = PBXFileReference; lastKnownFileType = sourcecode.c.objc; path = "UIDevice+MBExtension.m"; sourceTree = "<group>"; };
		5105C8C6204E3FB5000848CD /* NSObject+MBHUD.h */ = {isa = PBXFileReference; lastKnownFileType = sourcecode.c.h; path = "NSObject+MBHUD.h"; sourceTree = "<group>"; };
		5105C8C7204E3FB5000848CD /* NSObject+MBHUD.m */ = {isa = PBXFileReference; lastKnownFileType = sourcecode.c.objc; path = "NSObject+MBHUD.m"; sourceTree = "<group>"; };
		5105C8C9204E4152000848CD /* MBLiveViewController.storyboard */ = {isa = PBXFileReference; lastKnownFileType = file.storyboard; path = MBLiveViewController.storyboard; sourceTree = "<group>"; };
		510848922050D79E00A30BBF /* MBLiveVc.h */ = {isa = PBXFileReference; lastKnownFileType = sourcecode.c.h; path = MBLiveVc.h; sourceTree = "<group>"; };
		510848932050D79E00A30BBF /* MBLiveVc.m */ = {isa = PBXFileReference; lastKnownFileType = sourcecode.c.objc; path = MBLiveVc.m; sourceTree = "<group>"; };
		510848952051089900A30BBF /* MBLiveCell.h */ = {isa = PBXFileReference; lastKnownFileType = sourcecode.c.h; path = MBLiveCell.h; sourceTree = "<group>"; };
		510848962051089900A30BBF /* MBLiveCell.m */ = {isa = PBXFileReference; lastKnownFileType = sourcecode.c.objc; path = MBLiveCell.m; sourceTree = "<group>"; };
		51084898205109D800A30BBF /* MBBottomToolView.h */ = {isa = PBXFileReference; lastKnownFileType = sourcecode.c.h; path = MBBottomToolView.h; sourceTree = "<group>"; };
		51084899205109D800A30BBF /* MBBottomToolView.m */ = {isa = PBXFileReference; lastKnownFileType = sourcecode.c.objc; path = MBBottomToolView.m; sourceTree = "<group>"; };
		51093C6B2051262900C4FFEA /* MBUserView.h */ = {isa = PBXFileReference; lastKnownFileType = sourcecode.c.h; path = MBUserView.h; sourceTree = "<group>"; };
		51093C6C2051262900C4FFEA /* MBUserView.m */ = {isa = PBXFileReference; lastKnownFileType = sourcecode.c.objc; path = MBUserView.m; sourceTree = "<group>"; };
		51093C702051267800C4FFEA /* MBUserView.xib */ = {isa = PBXFileReference; lastKnownFileType = file.xib; path = MBUserView.xib; sourceTree = "<group>"; };
		51B939EE204E738C00631AAF /* Reachability.m */ = {isa = PBXFileReference; fileEncoding = 4; lastKnownFileType = sourcecode.c.objc; path = Reachability.m; sourceTree = "<group>"; };
		51B939EF204E738C00631AAF /* Reachability.h */ = {isa = PBXFileReference; fileEncoding = 4; lastKnownFileType = sourcecode.c.h; path = Reachability.h; sourceTree = "<group>"; };
		51B939F3204E74B300631AAF /* MBNetworkTool.h */ = {isa = PBXFileReference; lastKnownFileType = sourcecode.c.h; path = MBNetworkTool.h; sourceTree = "<group>"; };
		51B939F4204E74B300631AAF /* MBNetworkTool.m */ = {isa = PBXFileReference; lastKnownFileType = sourcecode.c.objc; path = MBNetworkTool.m; sourceTree = "<group>"; };
		51B939F6204E762D00631AAF /* MBTopWindow.h */ = {isa = PBXFileReference; lastKnownFileType = sourcecode.c.h; path = MBTopWindow.h; sourceTree = "<group>"; };
		51B939F7204E762D00631AAF /* MBTopWindow.m */ = {isa = PBXFileReference; lastKnownFileType = sourcecode.c.objc; path = MBTopWindow.m; sourceTree = "<group>"; };
		51B939F9204E76AD00631AAF /* UIView+MBExtension.h */ = {isa = PBXFileReference; lastKnownFileType = sourcecode.c.h; path = "UIView+MBExtension.h"; sourceTree = "<group>"; };
		51B939FA204E76AD00631AAF /* UIView+MBExtension.m */ = {isa = PBXFileReference; lastKnownFileType = sourcecode.c.objc; path = "UIView+MBExtension.m"; sourceTree = "<group>"; };
		51B93A2D204E852600631AAF /* MBHomeLiveModel.h */ = {isa = PBXFileReference; lastKnownFileType = sourcecode.c.h; path = MBHomeLiveModel.h; sourceTree = "<group>"; };
		51B93A2E204E852600631AAF /* MBHomeLiveModel.m */ = {isa = PBXFileReference; lastKnownFileType = sourcecode.c.objc; path = MBHomeLiveModel.m; sourceTree = "<group>"; };
		51B93A30204E8B3A00631AAF /* IJKMediaFramework.framework */ = {isa = PBXFileReference; lastKnownFileType = wrapper.framework; path = IJKMediaFramework.framework; sourceTree = "<group>"; };
		51B93A33204E8CB000631AAF /* MBSelectedView.h */ = {isa = PBXFileReference; lastKnownFileType = sourcecode.c.h; path = MBSelectedView.h; sourceTree = "<group>"; };
		51B93A34204E8CB000631AAF /* MBSelectedView.m */ = {isa = PBXFileReference; lastKnownFileType = sourcecode.c.objc; path = MBSelectedView.m; sourceTree = "<group>"; };
		51B93A37204E8E0300631AAF /* MBConstant.h */ = {isa = PBXFileReference; lastKnownFileType = sourcecode.c.h; path = MBConstant.h; sourceTree = "<group>"; };
		51B93A38204E8E0300631AAF /* MBConstant.m */ = {isa = PBXFileReference; lastKnownFileType = sourcecode.c.objc; path = MBConstant.m; sourceTree = "<group>"; };
		51B93A3A204E8FE000631AAF /* MBHotVc.h */ = {isa = PBXFileReference; lastKnownFileType = sourcecode.c.h; path = MBHotVc.h; sourceTree = "<group>"; };
		51B93A3B204E8FE000631AAF /* MBHotVc.m */ = {isa = PBXFileReference; lastKnownFileType = sourcecode.c.objc; path = MBHotVc.m; sourceTree = "<group>"; };
		51B93A40204E90FB00631AAF /* MBHotCell.h */ = {isa = PBXFileReference; lastKnownFileType = sourcecode.c.h; path = MBHotCell.h; sourceTree = "<group>"; };
		51B93A41204E90FB00631AAF /* MBHotCell.m */ = {isa = PBXFileReference; lastKnownFileType = sourcecode.c.objc; path = MBHotCell.m; sourceTree = "<group>"; };
		51B93A42204E90FB00631AAF /* MBHotCell.xib */ = {isa = PBXFileReference; lastKnownFileType = file.xib; path = MBHotCell.xib; sourceTree = "<group>"; };
		51C93A8420521C430009A52C /* MBCatEarView.h */ = {isa = PBXFileReference; lastKnownFileType = sourcecode.c.h; path = MBCatEarView.h; sourceTree = "<group>"; };
		51C93A8520521C430009A52C /* MBCatEarView.m */ = {isa = PBXFileReference; lastKnownFileType = sourcecode.c.objc; path = MBCatEarView.m; sourceTree = "<group>"; };
		51C93A8720521C5A0009A52C /* MBCatEarView.xib */ = {isa = PBXFileReference; lastKnownFileType = file.xib; path = MBCatEarView.xib; sourceTree = "<group>"; };
		51ED000D204F7C6100B9C7AF /* UIImage+MBExtension.h */ = {isa = PBXFileReference; lastKnownFileType = sourcecode.c.h; path = "UIImage+MBExtension.h"; sourceTree = "<group>"; };
		51ED000E204F7C6100B9C7AF /* UIImage+MBExtension.m */ = {isa = PBXFileReference; lastKnownFileType = sourcecode.c.objc; path = "UIImage+MBExtension.m"; sourceTree = "<group>"; };
		51ED0010204F832600B9C7AF /* MBRefresh.h */ = {isa = PBXFileReference; lastKnownFileType = sourcecode.c.h; path = MBRefresh.h; sourceTree = "<group>"; };
		51ED0011204F832600B9C7AF /* MBRefresh.m */ = {isa = PBXFileReference; lastKnownFileType = sourcecode.c.objc; path = MBRefresh.m; sourceTree = "<group>"; };
		51ED0013204F85D500B9C7AF /* UIViewController+MBExtension.h */ = {isa = PBXFileReference; lastKnownFileType = sourcecode.c.h; path = "UIViewController+MBExtension.h"; sourceTree = "<group>"; };
		51ED0014204F85D500B9C7AF /* UIViewController+MBExtension.m */ = {isa = PBXFileReference; lastKnownFileType = sourcecode.c.objc; path = "UIViewController+MBExtension.m"; sourceTree = "<group>"; };
		51ED0016204F865B00B9C7AF /* UIImageView+MBExtension.h */ = {isa = PBXFileReference; lastKnownFileType = sourcecode.c.h; path = "UIImageView+MBExtension.h"; sourceTree = "<group>"; };
		51ED0017204F865B00B9C7AF /* UIImageView+MBExtension.m */ = {isa = PBXFileReference; lastKnownFileType = sourcecode.c.objc; path = "UIImageView+MBExtension.m"; sourceTree = "<group>"; };
		51ED001A204F87A700B9C7AF /* MBHotADModel.h */ = {isa = PBXFileReference; lastKnownFileType = sourcecode.c.h; path = MBHotADModel.h; sourceTree = "<group>"; };
		51ED001B204F87A700B9C7AF /* MBHotADModel.m */ = {isa = PBXFileReference; lastKnownFileType = sourcecode.c.objc; path = MBHotADModel.m; sourceTree = "<group>"; };
		51ED001D204F8AFA00B9C7AF /* MBHotADCell.h */ = {isa = PBXFileReference; lastKnownFileType = sourcecode.c.h; path = MBHotADCell.h; sourceTree = "<group>"; };
		51ED001E204F8AFA00B9C7AF /* MBHotADCell.m */ = {isa = PBXFileReference; lastKnownFileType = sourcecode.c.objc; path = MBHotADCell.m; sourceTree = "<group>"; };
		51ED0021204F8B8000B9C7AF /* MBBannerView.h */ = {isa = PBXFileReference; lastKnownFileType = sourcecode.c.h; path = MBBannerView.h; sourceTree = "<group>"; };
		51ED0022204F8B8000B9C7AF /* MBBannerView.m */ = {isa = PBXFileReference; lastKnownFileType = sourcecode.c.objc; path = MBBannerView.m; sourceTree = "<group>"; };
		51ED0024204F959700B9C7AF /* MBWebVc.h */ = {isa = PBXFileReference; lastKnownFileType = sourcecode.c.h; path = MBWebVc.h; sourceTree = "<group>"; };
		51ED0025204F959700B9C7AF /* MBWebVc.m */ = {isa = PBXFileReference; lastKnownFileType = sourcecode.c.objc; path = MBWebVc.m; sourceTree = "<group>"; };
		51ED0029204FBD7E00B9C7AF /* MBNewVc.h */ = {isa = PBXFileReference; lastKnownFileType = sourcecode.c.h; path = MBNewVc.h; sourceTree = "<group>"; };
		51ED002A204FBD7E00B9C7AF /* MBNewVc.m */ = {isa = PBXFileReference; lastKnownFileType = sourcecode.c.objc; path = MBNewVc.m; sourceTree = "<group>"; };
		51ED002E204FBE0100B9C7AF /* MBFollowVc.h */ = {isa = PBXFileReference; lastKnownFileType = sourcecode.c.h; path = MBFollowVc.h; sourceTree = "<group>"; };
		51ED002F204FBE0100B9C7AF /* MBFollowVc.m */ = {isa = PBXFileReference; lastKnownFileType = sourcecode.c.objc; path = MBFollowVc.m; sourceTree = "<group>"; };
		51ED0034204FDC8600B9C7AF /* MBUser.h */ = {isa = PBXFileReference; lastKnownFileType = sourcecode.c.h; path = MBUser.h; sourceTree = "<group>"; };
		51ED0035204FDC8600B9C7AF /* MBUser.m */ = {isa = PBXFileReference; lastKnownFileType = sourcecode.c.objc; path = MBUser.m; sourceTree = "<group>"; };
		51ED0038204FDE0900B9C7AF /* MBAnchorViewCell.h */ = {isa = PBXFileReference; lastKnownFileType = sourcecode.c.h; path = MBAnchorViewCell.h; sourceTree = "<group>"; };
		51ED0039204FDE0900B9C7AF /* MBAnchorViewCell.m */ = {isa = PBXFileReference; lastKnownFileType = sourcecode.c.objc; path = MBAnchorViewCell.m; sourceTree = "<group>"; };
		51ED003A204FDE0900B9C7AF /* MBAnchorViewCell.xib */ = {isa = PBXFileReference; lastKnownFileType = file.xib; path = MBAnchorViewCell.xib; sourceTree = "<group>"; };
		51ED003D204FE24600B9C7AF /* MBNewFlowLayout.h */ = {isa = PBXFileReference; lastKnownFileType = sourcecode.c.h; path = MBNewFlowLayout.h; sourceTree = "<group>"; };
		51ED003E204FE24600B9C7AF /* MBNewFlowLayout.m */ = {isa = PBXFileReference; lastKnownFileType = sourcecode.c.objc; path = MBNewFlowLayout.m; sourceTree = "<group>"; };
		51F57541204CE8730030CFD1 /* PrefixHeader.pch */ = {isa = PBXFileReference; lastKnownFileType = sourcecode.c.h; path = PrefixHeader.pch; sourceTree = "<group>"; };
		51F57546204CF27F0030CFD1 /* UIViewController+MBHUD.h */ = {isa = PBXFileReference; lastKnownFileType = sourcecode.c.h; path = "UIViewController+MBHUD.h"; sourceTree = "<group>"; };
		51F57547204CF27F0030CFD1 /* UIViewController+MBHUD.m */ = {isa = PBXFileReference; lastKnownFileType = sourcecode.c.objc; path = "UIViewController+MBHUD.m"; sourceTree = "<group>"; };
		51F5754A204D2BE50030CFD1 /* loginmovie.mp4 */ = {isa = PBXFileReference; lastKnownFileType = file; path = loginmovie.mp4; sourceTree = "<group>"; };
		51F5754B204D2BE50030CFD1 /* login_video.mp4 */ = {isa = PBXFileReference; lastKnownFileType = file; path = login_video.mp4; sourceTree = "<group>"; };
		51F57550204D33D20030CFD1 /* libz.tbd */ = {isa = PBXFileReference; lastKnownFileType = "sourcecode.text-based-dylib-definition"; name = libz.tbd; path = usr/lib/libz.tbd; sourceTree = SDKROOT; };
		51F57552204D33E10030CFD1 /* libbz2.tbd */ = {isa = PBXFileReference; lastKnownFileType = "sourcecode.text-based-dylib-definition"; name = libbz2.tbd; path = usr/lib/libbz2.tbd; sourceTree = SDKROOT; };
		51F57554204D33EB0030CFD1 /* AudioToolbox.framework */ = {isa = PBXFileReference; lastKnownFileType = wrapper.framework; name = AudioToolbox.framework; path = System/Library/Frameworks/AudioToolbox.framework; sourceTree = SDKROOT; };
		51F57556204D34200030CFD1 /* AVFoundation.framework */ = {isa = PBXFileReference; lastKnownFileType = wrapper.framework; name = AVFoundation.framework; path = System/Library/Frameworks/AVFoundation.framework; sourceTree = SDKROOT; };
		51F57558204D34370030CFD1 /* CoreGraphics.framework */ = {isa = PBXFileReference; lastKnownFileType = wrapper.framework; name = CoreGraphics.framework; path = System/Library/Frameworks/CoreGraphics.framework; sourceTree = SDKROOT; };
		51F5755A204D347E0030CFD1 /* CoreMedia.framework */ = {isa = PBXFileReference; lastKnownFileType = wrapper.framework; name = CoreMedia.framework; path = System/Library/Frameworks/CoreMedia.framework; sourceTree = SDKROOT; };
		51F5755C204D34870030CFD1 /* MediaPlayer.framework */ = {isa = PBXFileReference; lastKnownFileType = wrapper.framework; name = MediaPlayer.framework; path = System/Library/Frameworks/MediaPlayer.framework; sourceTree = SDKROOT; };
		51F5755E204D34900030CFD1 /* MobileCoreServices.framework */ = {isa = PBXFileReference; lastKnownFileType = wrapper.framework; name = MobileCoreServices.framework; path = System/Library/Frameworks/MobileCoreServices.framework; sourceTree = SDKROOT; };
		51F57560204D34990030CFD1 /* OpenGLES.framework */ = {isa = PBXFileReference; lastKnownFileType = wrapper.framework; name = OpenGLES.framework; path = System/Library/Frameworks/OpenGLES.framework; sourceTree = SDKROOT; };
		51F57562204D34A20030CFD1 /* QuartzCore.framework */ = {isa = PBXFileReference; lastKnownFileType = wrapper.framework; name = QuartzCore.framework; path = System/Library/Frameworks/QuartzCore.framework; sourceTree = SDKROOT; };
		51F57564204D34AF0030CFD1 /* VideoToolbox.framework */ = {isa = PBXFileReference; lastKnownFileType = wrapper.framework; name = VideoToolbox.framework; path = System/Library/Frameworks/VideoToolbox.framework; sourceTree = SDKROOT; };
		51F57566204D34CA0030CFD1 /* libstdc++.tbd */ = {isa = PBXFileReference; lastKnownFileType = "sourcecode.text-based-dylib-definition"; name = "libstdc++.tbd"; path = "usr/lib/libstdc++.tbd"; sourceTree = SDKROOT; };
		51F8D8E22048E8F000B9A10C /* MBLive_iOS.app */ = {isa = PBXFileReference; explicitFileType = wrapper.application; includeInIndex = 0; path = MBLive_iOS.app; sourceTree = BUILT_PRODUCTS_DIR; };
		51F8D8E82048E8F000B9A10C /* ViewController.h */ = {isa = PBXFileReference; lastKnownFileType = sourcecode.c.h; path = ViewController.h; sourceTree = "<group>"; };
		51F8D8E92048E8F000B9A10C /* ViewController.m */ = {isa = PBXFileReference; lastKnownFileType = sourcecode.c.objc; path = ViewController.m; sourceTree = "<group>"; };
		51F8D8EC2048E8F000B9A10C /* Base */ = {isa = PBXFileReference; lastKnownFileType = file.storyboard; name = Base; path = Base.lproj/Main.storyboard; sourceTree = "<group>"; };
		51F8D8EE2048E8F000B9A10C /* Assets.xcassets */ = {isa = PBXFileReference; lastKnownFileType = folder.assetcatalog; path = Assets.xcassets; sourceTree = "<group>"; };
		51F8D8F12048E8F000B9A10C /* Base */ = {isa = PBXFileReference; lastKnownFileType = file.storyboard; name = Base; path = Base.lproj/LaunchScreen.storyboard; sourceTree = "<group>"; };
		51F8D8F32048E8F000B9A10C /* Info.plist */ = {isa = PBXFileReference; lastKnownFileType = text.plist.xml; path = Info.plist; sourceTree = "<group>"; };
		51F8D8FA2048E8F100B9A10C /* MBLive_iOSTests.xctest */ = {isa = PBXFileReference; explicitFileType = wrapper.cfbundle; includeInIndex = 0; path = MBLive_iOSTests.xctest; sourceTree = BUILT_PRODUCTS_DIR; };
		51F8D8FE2048E8F100B9A10C /* MBLive_iOSTests.m */ = {isa = PBXFileReference; lastKnownFileType = sourcecode.c.objc; path = MBLive_iOSTests.m; sourceTree = "<group>"; };
		51F8D9002048E8F100B9A10C /* Info.plist */ = {isa = PBXFileReference; lastKnownFileType = text.plist.xml; path = Info.plist; sourceTree = "<group>"; };
		51F8D911204929DA00B9A10C /* AppDelegate.h */ = {isa = PBXFileReference; fileEncoding = 4; lastKnownFileType = sourcecode.c.h; path = AppDelegate.h; sourceTree = "<group>"; };
		51F8D912204929DA00B9A10C /* main.m */ = {isa = PBXFileReference; fileEncoding = 4; lastKnownFileType = sourcecode.c.objc; path = main.m; sourceTree = "<group>"; };
		51F8D913204929DA00B9A10C /* AppDelegate.m */ = {isa = PBXFileReference; fileEncoding = 4; lastKnownFileType = sourcecode.c.objc; path = AppDelegate.m; sourceTree = "<group>"; };
		51F8D92020492BE100B9A10C /* MBHomeViewController.h */ = {isa = PBXFileReference; lastKnownFileType = sourcecode.c.h; path = MBHomeViewController.h; sourceTree = "<group>"; };
		51F8D92120492BE100B9A10C /* MBHomeViewController.m */ = {isa = PBXFileReference; lastKnownFileType = sourcecode.c.objc; path = MBHomeViewController.m; sourceTree = "<group>"; };
		51F8D92320492C5D00B9A10C /* MBFollowViewController.h */ = {isa = PBXFileReference; lastKnownFileType = sourcecode.c.h; path = MBFollowViewController.h; sourceTree = "<group>"; };
		51F8D92420492C5D00B9A10C /* MBFollowViewController.m */ = {isa = PBXFileReference; lastKnownFileType = sourcecode.c.objc; path = MBFollowViewController.m; sourceTree = "<group>"; };
		51F8D92620492C6900B9A10C /* MBLiveViewController.h */ = {isa = PBXFileReference; lastKnownFileType = sourcecode.c.h; path = MBLiveViewController.h; sourceTree = "<group>"; };
		51F8D92720492C6900B9A10C /* MBLiveViewController.m */ = {isa = PBXFileReference; lastKnownFileType = sourcecode.c.objc; path = MBLiveViewController.m; sourceTree = "<group>"; };
		51F8D92920492C7500B9A10C /* MBDiscoverViewController.h */ = {isa = PBXFileReference; lastKnownFileType = sourcecode.c.h; path = MBDiscoverViewController.h; sourceTree = "<group>"; };
		51F8D92A20492C7500B9A10C /* MBDiscoverViewController.m */ = {isa = PBXFileReference; lastKnownFileType = sourcecode.c.objc; path = MBDiscoverViewController.m; sourceTree = "<group>"; };
		51F8D92C20492C9B00B9A10C /* MBProfileViewController.h */ = {isa = PBXFileReference; lastKnownFileType = sourcecode.c.h; path = MBProfileViewController.h; sourceTree = "<group>"; };
		51F8D92D20492C9B00B9A10C /* MBProfileViewController.m */ = {isa = PBXFileReference; lastKnownFileType = sourcecode.c.objc; path = MBProfileViewController.m; sourceTree = "<group>"; };
		51F8D92F204A698500B9A10C /* MBTabBarController.h */ = {isa = PBXFileReference; lastKnownFileType = sourcecode.c.h; path = MBTabBarController.h; sourceTree = "<group>"; };
		51F8D930204A698500B9A10C /* MBTabBarController.m */ = {isa = PBXFileReference; lastKnownFileType = sourcecode.c.objc; path = MBTabBarController.m; sourceTree = "<group>"; };
		51F8D932204A8CAD00B9A10C /* MBNavigationController.h */ = {isa = PBXFileReference; lastKnownFileType = sourcecode.c.h; path = MBNavigationController.h; sourceTree = "<group>"; };
		51F8D933204A8CAD00B9A10C /* MBNavigationController.m */ = {isa = PBXFileReference; lastKnownFileType = sourcecode.c.objc; path = MBNavigationController.m; sourceTree = "<group>"; };
		51F8D936204AA0E100B9A10C /* MBLoginViewController.h */ = {isa = PBXFileReference; lastKnownFileType = sourcecode.c.h; path = MBLoginViewController.h; sourceTree = "<group>"; };
		51F8D937204AA0E100B9A10C /* MBLoginViewController.m */ = {isa = PBXFileReference; lastKnownFileType = sourcecode.c.objc; path = MBLoginViewController.m; sourceTree = "<group>"; };
		8C61D1668BCB414A5A1A8A80 /* libPods-MBLive_iOS.a */ = {isa = PBXFileReference; explicitFileType = archive.ar; includeInIndex = 0; path = "libPods-MBLive_iOS.a"; sourceTree = BUILT_PRODUCTS_DIR; };
		A23421D7DD3A76751E2BE80F /* Pods-MBLive_iOS.release.xcconfig */ = {isa = PBXFileReference; includeInIndex = 1; lastKnownFileType = text.xcconfig; name = "Pods-MBLive_iOS.release.xcconfig"; path = "Pods/Target Support Files/Pods-MBLive_iOS/Pods-MBLive_iOS.release.xcconfig"; sourceTree = "<group>"; };
		B77457B2AEDD3F5DF8265FDF /* Pods-MBLive_iOS.debug.xcconfig */ = {isa = PBXFileReference; includeInIndex = 1; lastKnownFileType = text.xcconfig; name = "Pods-MBLive_iOS.debug.xcconfig"; path = "Pods/Target Support Files/Pods-MBLive_iOS/Pods-MBLive_iOS.debug.xcconfig"; sourceTree = "<group>"; };
/* End PBXFileReference section */

/* Begin PBXFrameworksBuildPhase section */
		51F8D8DF2048E8F000B9A10C /* Frameworks */ = {
			isa = PBXFrameworksBuildPhase;
			buildActionMask = 2147483647;
			files = (
				5105C8BE204E3C3D000848CD /* UIKit.framework in Frameworks */,
				51F57567204D34CA0030CFD1 /* libstdc++.tbd in Frameworks */,
				51F57565204D34AF0030CFD1 /* VideoToolbox.framework in Frameworks */,
				51B93A31204E8B3A00631AAF /* IJKMediaFramework.framework in Frameworks */,
				51F57563204D34A20030CFD1 /* QuartzCore.framework in Frameworks */,
				51F57561204D34990030CFD1 /* OpenGLES.framework in Frameworks */,
				51F5755F204D34900030CFD1 /* MobileCoreServices.framework in Frameworks */,
				51F5755D204D34870030CFD1 /* MediaPlayer.framework in Frameworks */,
				51F5755B204D347E0030CFD1 /* CoreMedia.framework in Frameworks */,
				51F57559204D34370030CFD1 /* CoreGraphics.framework in Frameworks */,
				51F57557204D34200030CFD1 /* AVFoundation.framework in Frameworks */,
				51F57555204D33EB0030CFD1 /* AudioToolbox.framework in Frameworks */,
				51F57553204D33E10030CFD1 /* libbz2.tbd in Frameworks */,
				51F57551204D33D20030CFD1 /* libz.tbd in Frameworks */,
				28A67C1448DBBBC168052EEC /* libPods-MBLive_iOS.a in Frameworks */,
			);
			runOnlyForDeploymentPostprocessing = 0;
		};
		51F8D8F72048E8F100B9A10C /* Frameworks */ = {
			isa = PBXFrameworksBuildPhase;
			buildActionMask = 2147483647;
			files = (
				FDBB1804FCEFDCD295F1A90E /* libPods-MBLive_iOSTests.a in Frameworks */,
			);
			runOnlyForDeploymentPostprocessing = 0;
		};
/* End PBXFrameworksBuildPhase section */

/* Begin PBXGroup section */
		3225BF792B3EF34D77E66204 /* Frameworks */ = {
			isa = PBXGroup;
			children = (
				5105C8BD204E3C3D000848CD /* UIKit.framework */,
				51F57566204D34CA0030CFD1 /* libstdc++.tbd */,
				51F57564204D34AF0030CFD1 /* VideoToolbox.framework */,
				51F57562204D34A20030CFD1 /* QuartzCore.framework */,
				51F57560204D34990030CFD1 /* OpenGLES.framework */,
				51F5755E204D34900030CFD1 /* MobileCoreServices.framework */,
				51F5755C204D34870030CFD1 /* MediaPlayer.framework */,
				51F5755A204D347E0030CFD1 /* CoreMedia.framework */,
				51F57558204D34370030CFD1 /* CoreGraphics.framework */,
				51F57556204D34200030CFD1 /* AVFoundation.framework */,
				51F57554204D33EB0030CFD1 /* AudioToolbox.framework */,
				51F57552204D33E10030CFD1 /* libbz2.tbd */,
				51F57550204D33D20030CFD1 /* libz.tbd */,
				8C61D1668BCB414A5A1A8A80 /* libPods-MBLive_iOS.a */,
				3EB0E199A34D1837402679FA /* libPods-MBLive_iOSTests.a */,
			);
			name = Frameworks;
			sourceTree = "<group>";
		};
		5105C8B9204E34C2000848CD /* View */ = {
			isa = PBXGroup;
			children = (
				5105C8BA204E34E4000848CD /* MBThirdLogin.h */,
				5105C8BB204E34E4000848CD /* MBThirdLogin.m */,
			);
			path = View;
			sourceTree = "<group>";
		};
		5108488F2050D75800A30BBF /* Live */ = {
			isa = PBXGroup;
			children = (
				510848912050D76C00A30BBF /* View */,
				510848902050D76400A30BBF /* Controller */,
			);
			path = Live;
			sourceTree = "<group>";
		};
		510848902050D76400A30BBF /* Controller */ = {
			isa = PBXGroup;
			children = (
				510848922050D79E00A30BBF /* MBLiveVc.h */,
				510848932050D79E00A30BBF /* MBLiveVc.m */,
			);
			path = Controller;
			sourceTree = "<group>";
		};
		510848912050D76C00A30BBF /* View */ = {
			isa = PBXGroup;
			children = (
				510848952051089900A30BBF /* MBLiveCell.h */,
				510848962051089900A30BBF /* MBLiveCell.m */,
				51084898205109D800A30BBF /* MBBottomToolView.h */,
				51084899205109D800A30BBF /* MBBottomToolView.m */,
				51093C6B2051262900C4FFEA /* MBUserView.h */,
				51093C6C2051262900C4FFEA /* MBUserView.m */,
				51093C702051267800C4FFEA /* MBUserView.xib */,
				51C93A8420521C430009A52C /* MBCatEarView.h */,
				51C93A8520521C430009A52C /* MBCatEarView.m */,
				51C93A8720521C5A0009A52C /* MBCatEarView.xib */,
			);
			path = View;
			sourceTree = "<group>";
		};
		51B93A2C204E84C900631AAF /* Model */ = {
			isa = PBXGroup;
			children = (
				51B93A2D204E852600631AAF /* MBHomeLiveModel.h */,
				51B93A2E204E852600631AAF /* MBHomeLiveModel.m */,
				51ED0034204FDC8600B9C7AF /* MBUser.h */,
				51ED0035204FDC8600B9C7AF /* MBUser.m */,
			);
			path = Model;
			sourceTree = "<group>";
		};
		51B93A32204E8C8D00631AAF /* View */ = {
			isa = PBXGroup;
			children = (
				51B93A33204E8CB000631AAF /* MBSelectedView.h */,
				51B93A34204E8CB000631AAF /* MBSelectedView.m */,
			);
			path = View;
			sourceTree = "<group>";
		};
		51B93A3D204E908800631AAF /* Hot */ = {
			isa = PBXGroup;
			children = (
				51ED0019204F878300B9C7AF /* Model */,
				51B93A3F204E90AE00631AAF /* View */,
				51B93A3E204E909E00631AAF /* Controller */,
			);
			path = Hot;
			sourceTree = "<group>";
		};
		51B93A3E204E909E00631AAF /* Controller */ = {
			isa = PBXGroup;
			children = (
				51B93A3A204E8FE000631AAF /* MBHotVc.h */,
				51B93A3B204E8FE000631AAF /* MBHotVc.m */,
				51ED0024204F959700B9C7AF /* MBWebVc.h */,
				51ED0025204F959700B9C7AF /* MBWebVc.m */,
			);
			path = Controller;
			sourceTree = "<group>";
		};
		51B93A3F204E90AE00631AAF /* View */ = {
			isa = PBXGroup;
			children = (
				51ED0020204F8B2400B9C7AF /* Banner */,
				51B93A40204E90FB00631AAF /* MBHotCell.h */,
				51B93A41204E90FB00631AAF /* MBHotCell.m */,
				51B93A42204E90FB00631AAF /* MBHotCell.xib */,
				51ED001D204F8AFA00B9C7AF /* MBHotADCell.h */,
				51ED001E204F8AFA00B9C7AF /* MBHotADCell.m */,
			);
			path = View;
			sourceTree = "<group>";
		};
		51ED0019204F878300B9C7AF /* Model */ = {
			isa = PBXGroup;
			children = (
				51ED001A204F87A700B9C7AF /* MBHotADModel.h */,
				51ED001B204F87A700B9C7AF /* MBHotADModel.m */,
			);
			path = Model;
			sourceTree = "<group>";
		};
		51ED0020204F8B2400B9C7AF /* Banner */ = {
			isa = PBXGroup;
			children = (
				51ED0021204F8B8000B9C7AF /* MBBannerView.h */,
				51ED0022204F8B8000B9C7AF /* MBBannerView.m */,
			);
			path = Banner;
			sourceTree = "<group>";
		};
		51ED0027204FBD4500B9C7AF /* New */ = {
			isa = PBXGroup;
			children = (
				51ED0037204FDDCE00B9C7AF /* View */,
				51ED0028204FBD5600B9C7AF /* Controller */,
			);
			path = New;
			sourceTree = "<group>";
		};
		51ED0028204FBD5600B9C7AF /* Controller */ = {
			isa = PBXGroup;
			children = (
				51ED0029204FBD7E00B9C7AF /* MBNewVc.h */,
				51ED002A204FBD7E00B9C7AF /* MBNewVc.m */,
			);
			path = Controller;
			sourceTree = "<group>";
		};
		51ED002C204FBDAA00B9C7AF /* Follow */ = {
			isa = PBXGroup;
			children = (
				51ED002D204FBDDC00B9C7AF /* Controller */,
			);
			path = Follow;
			sourceTree = "<group>";
		};
		51ED002D204FBDDC00B9C7AF /* Controller */ = {
			isa = PBXGroup;
			children = (
				51ED002E204FBE0100B9C7AF /* MBFollowVc.h */,
				51ED002F204FBE0100B9C7AF /* MBFollowVc.m */,
			);
			path = Controller;
			sourceTree = "<group>";
		};
		51ED0037204FDDCE00B9C7AF /* View */ = {
			isa = PBXGroup;
			children = (
				51ED0038204FDE0900B9C7AF /* MBAnchorViewCell.h */,
				51ED0039204FDE0900B9C7AF /* MBAnchorViewCell.m */,
				51ED003A204FDE0900B9C7AF /* MBAnchorViewCell.xib */,
				51ED003D204FE24600B9C7AF /* MBNewFlowLayout.h */,
				51ED003E204FE24600B9C7AF /* MBNewFlowLayout.m */,
			);
			path = View;
			sourceTree = "<group>";
		};
		51F57549204D2BB90030CFD1 /* Resource */ = {
			isa = PBXGroup;
			children = (
				51F5754B204D2BE50030CFD1 /* login_video.mp4 */,
				51F5754A204D2BE50030CFD1 /* loginmovie.mp4 */,
			);
			path = Resource;
			sourceTree = "<group>";
		};
		51F8D8D92048E8F000B9A10C = {
			isa = PBXGroup;
			children = (
				51F8D8E42048E8F000B9A10C /* MBLive_iOS */,
				51F8D8FD2048E8F100B9A10C /* MBLive_iOSTests */,
				51F8D8E32048E8F000B9A10C /* Products */,
				D8CAC837CD017B942544517E /* Pods */,
				3225BF792B3EF34D77E66204 /* Frameworks */,
			);
			sourceTree = "<group>";
		};
		51F8D8E32048E8F000B9A10C /* Products */ = {
			isa = PBXGroup;
			children = (
				51F8D8E22048E8F000B9A10C /* MBLive_iOS.app */,
				51F8D8FA2048E8F100B9A10C /* MBLive_iOSTests.xctest */,
			);
			name = Products;
			sourceTree = "<group>";
		};
		51F8D8E42048E8F000B9A10C /* MBLive_iOS */ = {
			isa = PBXGroup;
			children = (
				51F8D909204929DA00B9A10C /* Classes */,
				51F8D8E82048E8F000B9A10C /* ViewController.h */,
				51F8D8E92048E8F000B9A10C /* ViewController.m */,
				51F8D8EB2048E8F000B9A10C /* Main.storyboard */,
				51F8D8EE2048E8F000B9A10C /* Assets.xcassets */,
				51F8D8F02048E8F000B9A10C /* LaunchScreen.storyboard */,
				51F8D8F32048E8F000B9A10C /* Info.plist */,
			);
			path = MBLive_iOS;
			sourceTree = "<group>";
		};
		51F8D8FD2048E8F100B9A10C /* MBLive_iOSTests */ = {
			isa = PBXGroup;
			children = (
				51F8D8FE2048E8F100B9A10C /* MBLive_iOSTests.m */,
				51F8D9002048E8F100B9A10C /* Info.plist */,
			);
			path = MBLive_iOSTests;
			sourceTree = "<group>";
		};
		51F8D909204929DA00B9A10C /* Classes */ = {
			isa = PBXGroup;
			children = (
				51F8D910204929DA00B9A10C /* Main */,
				51F8D914204929DA00B9A10C /* Login */,
				51F8D90C204929DA00B9A10C /* NetWork */,
				51F8D90A204929DA00B9A10C /* Home */,
				51F8D91720492A2400B9A10C /* Follow */,
				51F8D90F204929DA00B9A10C /* Live */,
				51F8D90B204929DA00B9A10C /* Discover */,
				51F8D90E204929DA00B9A10C /* Profile */,
				51F8D90D204929DA00B9A10C /* Other */,
				51F57549204D2BB90030CFD1 /* Resource */,
			);
			path = Classes;
			sourceTree = "<group>";
		};
		51F8D90A204929DA00B9A10C /* Home */ = {
			isa = PBXGroup;
			children = (
				5108488F2050D75800A30BBF /* Live */,
				51B93A32204E8C8D00631AAF /* View */,
				51B93A2C204E84C900631AAF /* Model */,
				51F8D91B20492B4100B9A10C /* Controller */,
				51B93A3D204E908800631AAF /* Hot */,
				51ED0027204FBD4500B9C7AF /* New */,
				51ED002C204FBDAA00B9C7AF /* Follow */,
			);
			path = Home;
			sourceTree = "<group>";
		};
		51F8D90B204929DA00B9A10C /* Discover */ = {
			isa = PBXGroup;
			children = (
				51F8D91E20492B8400B9A10C /* Controller */,
			);
			path = Discover;
			sourceTree = "<group>";
		};
		51F8D90C204929DA00B9A10C /* NetWork */ = {
			isa = PBXGroup;
			children = (
				51B939EF204E738C00631AAF /* Reachability.h */,
				51B939EE204E738C00631AAF /* Reachability.m */,
				51B939F3204E74B300631AAF /* MBNetworkTool.h */,
				51B939F4204E74B300631AAF /* MBNetworkTool.m */,
			);
			path = NetWork;
			sourceTree = "<group>";
		};
		51F8D90D204929DA00B9A10C /* Other */ = {
			isa = PBXGroup;
			children = (
				51F57546204CF27F0030CFD1 /* UIViewController+MBHUD.h */,
				51F57547204CF27F0030CFD1 /* UIViewController+MBHUD.m */,
				5105C8C3204E3E66000848CD /* UIDevice+MBExtension.h */,
				5105C8C4204E3E66000848CD /* UIDevice+MBExtension.m */,
				5105C8C6204E3FB5000848CD /* NSObject+MBHUD.h */,
				5105C8C7204E3FB5000848CD /* NSObject+MBHUD.m */,
				51B939F9204E76AD00631AAF /* UIView+MBExtension.h */,
				51B939FA204E76AD00631AAF /* UIView+MBExtension.m */,
				51ED000D204F7C6100B9C7AF /* UIImage+MBExtension.h */,
				51ED000E204F7C6100B9C7AF /* UIImage+MBExtension.m */,
				51B93A37204E8E0300631AAF /* MBConstant.h */,
				51B93A38204E8E0300631AAF /* MBConstant.m */,
				51B93A30204E8B3A00631AAF /* IJKMediaFramework.framework */,
				51ED0010204F832600B9C7AF /* MBRefresh.h */,
				51ED0011204F832600B9C7AF /* MBRefresh.m */,
				51ED0013204F85D500B9C7AF /* UIViewController+MBExtension.h */,
				51ED0014204F85D500B9C7AF /* UIViewController+MBExtension.m */,
				51ED0016204F865B00B9C7AF /* UIImageView+MBExtension.h */,
				51ED0017204F865B00B9C7AF /* UIImageView+MBExtension.m */,
			);
			path = Other;
			sourceTree = "<group>";
		};
		51F8D90E204929DA00B9A10C /* Profile */ = {
			isa = PBXGroup;
			children = (
				51F8D91F20492B9300B9A10C /* Controller */,
			);
			path = Profile;
			sourceTree = "<group>";
		};
		51F8D90F204929DA00B9A10C /* Live */ = {
			isa = PBXGroup;
			children = (
				51F8D91D20492B6F00B9A10C /* Controller */,
			);
			path = Live;
			sourceTree = "<group>";
		};
		51F8D910204929DA00B9A10C /* Main */ = {
			isa = PBXGroup;
			children = (
				51F8D911204929DA00B9A10C /* AppDelegate.h */,
				51F8D913204929DA00B9A10C /* AppDelegate.m */,
				51F57541204CE8730030CFD1 /* PrefixHeader.pch */,
				51B939F6204E762D00631AAF /* MBTopWindow.h */,
				51B939F7204E762D00631AAF /* MBTopWindow.m */,
				51F8D912204929DA00B9A10C /* main.m */,
				51F8D92F204A698500B9A10C /* MBTabBarController.h */,
				51F8D930204A698500B9A10C /* MBTabBarController.m */,
				51F8D932204A8CAD00B9A10C /* MBNavigationController.h */,
				51F8D933204A8CAD00B9A10C /* MBNavigationController.m */,
			);
			path = Main;
			sourceTree = "<group>";
		};
		51F8D914204929DA00B9A10C /* Login */ = {
			isa = PBXGroup;
			children = (
				5105C8B9204E34C2000848CD /* View */,
				51F8D935204AA0BA00B9A10C /* Controller */,
			);
			path = Login;
			sourceTree = "<group>";
		};
		51F8D91720492A2400B9A10C /* Follow */ = {
			isa = PBXGroup;
			children = (
				51F8D91C20492B5F00B9A10C /* Controller */,
			);
			path = Follow;
			sourceTree = "<group>";
		};
		51F8D91B20492B4100B9A10C /* Controller */ = {
			isa = PBXGroup;
			children = (
				51F8D92020492BE100B9A10C /* MBHomeViewController.h */,
				51F8D92120492BE100B9A10C /* MBHomeViewController.m */,
			);
			path = Controller;
			sourceTree = "<group>";
		};
		51F8D91C20492B5F00B9A10C /* Controller */ = {
			isa = PBXGroup;
			children = (
				51F8D92320492C5D00B9A10C /* MBFollowViewController.h */,
				51F8D92420492C5D00B9A10C /* MBFollowViewController.m */,
			);
			path = Controller;
			sourceTree = "<group>";
		};
		51F8D91D20492B6F00B9A10C /* Controller */ = {
			isa = PBXGroup;
			children = (
				51F8D92620492C6900B9A10C /* MBLiveViewController.h */,
				51F8D92720492C6900B9A10C /* MBLiveViewController.m */,
				5105C8C9204E4152000848CD /* MBLiveViewController.storyboard */,
			);
			path = Controller;
			sourceTree = "<group>";
		};
		51F8D91E20492B8400B9A10C /* Controller */ = {
			isa = PBXGroup;
			children = (
				51F8D92920492C7500B9A10C /* MBDiscoverViewController.h */,
				51F8D92A20492C7500B9A10C /* MBDiscoverViewController.m */,
			);
			path = Controller;
			sourceTree = "<group>";
		};
		51F8D91F20492B9300B9A10C /* Controller */ = {
			isa = PBXGroup;
			children = (
				51F8D92C20492C9B00B9A10C /* MBProfileViewController.h */,
				51F8D92D20492C9B00B9A10C /* MBProfileViewController.m */,
			);
			path = Controller;
			sourceTree = "<group>";
		};
		51F8D935204AA0BA00B9A10C /* Controller */ = {
			isa = PBXGroup;
			children = (
				51F8D936204AA0E100B9A10C /* MBLoginViewController.h */,
				51F8D937204AA0E100B9A10C /* MBLoginViewController.m */,
			);
			path = Controller;
			sourceTree = "<group>";
		};
		D8CAC837CD017B942544517E /* Pods */ = {
			isa = PBXGroup;
			children = (
				B77457B2AEDD3F5DF8265FDF /* Pods-MBLive_iOS.debug.xcconfig */,
				A23421D7DD3A76751E2BE80F /* Pods-MBLive_iOS.release.xcconfig */,
				3700F1B9BA91742E7008360B /* Pods-MBLive_iOSTests.debug.xcconfig */,
				23376C486A9B35C9419651E0 /* Pods-MBLive_iOSTests.release.xcconfig */,
			);
			name = Pods;
			sourceTree = "<group>";
		};
/* End PBXGroup section */

/* Begin PBXNativeTarget section */
		51F8D8E12048E8F000B9A10C /* MBLive_iOS */ = {
			isa = PBXNativeTarget;
			buildConfigurationList = 51F8D9032048E8F100B9A10C /* Build configuration list for PBXNativeTarget "MBLive_iOS" */;
			buildPhases = (
				5A3E26E84AB76BB4F796CC38 /* [CP] Check Pods Manifest.lock */,
				51F8D8DE2048E8F000B9A10C /* Sources */,
				51F8D8DF2048E8F000B9A10C /* Frameworks */,
				51F8D8E02048E8F000B9A10C /* Resources */,
				CD2D4DC1C6D701171C550992 /* [CP] Embed Pods Frameworks */,
				4CD44E53F8617F70D9A6E407 /* [CP] Copy Pods Resources */,
			);
			buildRules = (
			);
			dependencies = (
			);
			name = MBLive_iOS;
			productName = MBLive_iOS;
			productReference = 51F8D8E22048E8F000B9A10C /* MBLive_iOS.app */;
			productType = "com.apple.product-type.application";
		};
		51F8D8F92048E8F100B9A10C /* MBLive_iOSTests */ = {
			isa = PBXNativeTarget;
			buildConfigurationList = 51F8D9062048E8F100B9A10C /* Build configuration list for PBXNativeTarget "MBLive_iOSTests" */;
			buildPhases = (
				7EAF280FDFEBF385FA201F0E /* [CP] Check Pods Manifest.lock */,
				51F8D8F62048E8F100B9A10C /* Sources */,
				51F8D8F72048E8F100B9A10C /* Frameworks */,
				51F8D8F82048E8F100B9A10C /* Resources */,
				7B088DB390BA998C5B6920ED /* [CP] Embed Pods Frameworks */,
				CD395D0E6E49CA082970226A /* [CP] Copy Pods Resources */,
			);
			buildRules = (
			);
			dependencies = (
				51F8D8FC2048E8F100B9A10C /* PBXTargetDependency */,
			);
			name = MBLive_iOSTests;
			productName = MBLive_iOSTests;
			productReference = 51F8D8FA2048E8F100B9A10C /* MBLive_iOSTests.xctest */;
			productType = "com.apple.product-type.bundle.unit-test";
		};
/* End PBXNativeTarget section */

/* Begin PBXProject section */
		51F8D8DA2048E8F000B9A10C /* Project object */ = {
			isa = PBXProject;
			attributes = {
				CLASSPREFIX = MB;
				LastUpgradeCheck = 0920;
				ORGANIZATIONNAME = "瞿嘉洪";
				TargetAttributes = {
					51F8D8E12048E8F000B9A10C = {
						CreatedOnToolsVersion = 9.2;
						ProvisioningStyle = Automatic;
					};
					51F8D8F92048E8F100B9A10C = {
						CreatedOnToolsVersion = 9.2;
						ProvisioningStyle = Automatic;
						TestTargetID = 51F8D8E12048E8F000B9A10C;
					};
				};
			};
			buildConfigurationList = 51F8D8DD2048E8F000B9A10C /* Build configuration list for PBXProject "MBLive_iOS" */;
			compatibilityVersion = "Xcode 8.0";
			developmentRegion = en;
			hasScannedForEncodings = 0;
			knownRegions = (
				en,
				Base,
			);
			mainGroup = 51F8D8D92048E8F000B9A10C;
			productRefGroup = 51F8D8E32048E8F000B9A10C /* Products */;
			projectDirPath = "";
			projectRoot = "";
			targets = (
				51F8D8E12048E8F000B9A10C /* MBLive_iOS */,
				51F8D8F92048E8F100B9A10C /* MBLive_iOSTests */,
			);
		};
/* End PBXProject section */

/* Begin PBXResourcesBuildPhase section */
		51F8D8E02048E8F000B9A10C /* Resources */ = {
			isa = PBXResourcesBuildPhase;
			buildActionMask = 2147483647;
			files = (
				51F8D8F22048E8F000B9A10C /* LaunchScreen.storyboard in Resources */,
				51F8D8EF2048E8F000B9A10C /* Assets.xcassets in Resources */,
				51ED003C204FDE0900B9C7AF /* MBAnchorViewCell.xib in Resources */,
				51B93A44204E90FB00631AAF /* MBHotCell.xib in Resources */,
				51F5754C204D2BE50030CFD1 /* loginmovie.mp4 in Resources */,
				51C93A8820521C5A0009A52C /* MBCatEarView.xib in Resources */,
				51F5754D204D2BE50030CFD1 /* login_video.mp4 in Resources */,
				5105C8CA204E4152000848CD /* MBLiveViewController.storyboard in Resources */,
				51F8D8ED2048E8F000B9A10C /* Main.storyboard in Resources */,
				51093C712051267800C4FFEA /* MBUserView.xib in Resources */,
			);
			runOnlyForDeploymentPostprocessing = 0;
		};
		51F8D8F82048E8F100B9A10C /* Resources */ = {
			isa = PBXResourcesBuildPhase;
			buildActionMask = 2147483647;
			files = (
			);
			runOnlyForDeploymentPostprocessing = 0;
		};
/* End PBXResourcesBuildPhase section */

/* Begin PBXShellScriptBuildPhase section */
		4CD44E53F8617F70D9A6E407 /* [CP] Copy Pods Resources */ = {
			isa = PBXShellScriptBuildPhase;
			buildActionMask = 2147483647;
			files = (
			);
			inputPaths = (
				"${SRCROOT}/Pods/Target Support Files/Pods-MBLive_iOS/Pods-MBLive_iOS-resources.sh",
				"${PODS_ROOT}/MJRefresh/MJRefresh/MJRefresh.bundle",
			);
			name = "[CP] Copy Pods Resources";
			outputPaths = (
				"${TARGET_BUILD_DIR}/${UNLOCALIZED_RESOURCES_FOLDER_PATH}",
			);
			runOnlyForDeploymentPostprocessing = 0;
			shellPath = /bin/sh;
			shellScript = "\"${SRCROOT}/Pods/Target Support Files/Pods-MBLive_iOS/Pods-MBLive_iOS-resources.sh\"\n";
			showEnvVarsInLog = 0;
		};
		5A3E26E84AB76BB4F796CC38 /* [CP] Check Pods Manifest.lock */ = {
			isa = PBXShellScriptBuildPhase;
			buildActionMask = 2147483647;
			files = (
			);
			inputPaths = (
				"${PODS_PODFILE_DIR_PATH}/Podfile.lock",
				"${PODS_ROOT}/Manifest.lock",
			);
			name = "[CP] Check Pods Manifest.lock";
			outputPaths = (
				"$(DERIVED_FILE_DIR)/Pods-MBLive_iOS-checkManifestLockResult.txt",
			);
			runOnlyForDeploymentPostprocessing = 0;
			shellPath = /bin/sh;
			shellScript = "diff \"${PODS_PODFILE_DIR_PATH}/Podfile.lock\" \"${PODS_ROOT}/Manifest.lock\" > /dev/null\nif [ $? != 0 ] ; then\n    # print error to STDERR\n    echo \"error: The sandbox is not in sync with the Podfile.lock. Run 'pod install' or update your CocoaPods installation.\" >&2\n    exit 1\nfi\n# This output is used by Xcode 'outputs' to avoid re-running this script phase.\necho \"SUCCESS\" > \"${SCRIPT_OUTPUT_FILE_0}\"\n";
			showEnvVarsInLog = 0;
		};
		7B088DB390BA998C5B6920ED /* [CP] Embed Pods Frameworks */ = {
			isa = PBXShellScriptBuildPhase;
			buildActionMask = 2147483647;
			files = (
			);
			inputPaths = (
			);
			name = "[CP] Embed Pods Frameworks";
			outputPaths = (
			);
			runOnlyForDeploymentPostprocessing = 0;
			shellPath = /bin/sh;
			shellScript = "\"${SRCROOT}/Pods/Target Support Files/Pods-MBLive_iOSTests/Pods-MBLive_iOSTests-frameworks.sh\"\n";
			showEnvVarsInLog = 0;
		};
		7EAF280FDFEBF385FA201F0E /* [CP] Check Pods Manifest.lock */ = {
			isa = PBXShellScriptBuildPhase;
			buildActionMask = 2147483647;
			files = (
			);
			inputPaths = (
				"${PODS_PODFILE_DIR_PATH}/Podfile.lock",
				"${PODS_ROOT}/Manifest.lock",
			);
			name = "[CP] Check Pods Manifest.lock";
			outputPaths = (
				"$(DERIVED_FILE_DIR)/Pods-MBLive_iOSTests-checkManifestLockResult.txt",
			);
			runOnlyForDeploymentPostprocessing = 0;
			shellPath = /bin/sh;
			shellScript = "diff \"${PODS_PODFILE_DIR_PATH}/Podfile.lock\" \"${PODS_ROOT}/Manifest.lock\" > /dev/null\nif [ $? != 0 ] ; then\n    # print error to STDERR\n    echo \"error: The sandbox is not in sync with the Podfile.lock. Run 'pod install' or update your CocoaPods installation.\" >&2\n    exit 1\nfi\n# This output is used by Xcode 'outputs' to avoid re-running this script phase.\necho \"SUCCESS\" > \"${SCRIPT_OUTPUT_FILE_0}\"\n";
			showEnvVarsInLog = 0;
		};
		CD2D4DC1C6D701171C550992 /* [CP] Embed Pods Frameworks */ = {
			isa = PBXShellScriptBuildPhase;
			buildActionMask = 2147483647;
			files = (
			);
			inputPaths = (
			);
			name = "[CP] Embed Pods Frameworks";
			outputPaths = (
			);
			runOnlyForDeploymentPostprocessing = 0;
			shellPath = /bin/sh;
			shellScript = "\"${SRCROOT}/Pods/Target Support Files/Pods-MBLive_iOS/Pods-MBLive_iOS-frameworks.sh\"\n";
			showEnvVarsInLog = 0;
		};
		CD395D0E6E49CA082970226A /* [CP] Copy Pods Resources */ = {
			isa = PBXShellScriptBuildPhase;
			buildActionMask = 2147483647;
			files = (
			);
			inputPaths = (
			);
			name = "[CP] Copy Pods Resources";
			outputPaths = (
			);
			runOnlyForDeploymentPostprocessing = 0;
			shellPath = /bin/sh;
			shellScript = "\"${SRCROOT}/Pods/Target Support Files/Pods-MBLive_iOSTests/Pods-MBLive_iOSTests-resources.sh\"\n";
			showEnvVarsInLog = 0;
		};
/* End PBXShellScriptBuildPhase section */

/* Begin PBXSourcesBuildPhase section */
		51F8D8DE2048E8F000B9A10C /* Sources */ = {
			isa = PBXSourcesBuildPhase;
			buildActionMask = 2147483647;
			files = (
				51B93A3C204E8FE000631AAF /* MBHotVc.m in Sources */,
				51ED0023204F8B8000B9C7AF /* MBBannerView.m in Sources */,
				51093C6D2051262900C4FFEA /* MBUserView.m in Sources */,
				51ED001F204F8AFA00B9C7AF /* MBHotADCell.m in Sources */,
				51F8D92220492BE100B9A10C /* MBHomeViewController.m in Sources */,
				51F8D938204AA0E100B9A10C /* MBLoginViewController.m in Sources */,
				51ED003F204FE24600B9C7AF /* MBNewFlowLayout.m in Sources */,
				51F8D92820492C6900B9A10C /* MBLiveViewController.m in Sources */,
				510848942050D79E00A30BBF /* MBLiveVc.m in Sources */,
				51C93A8620521C430009A52C /* MBCatEarView.m in Sources */,
				51ED003B204FDE0900B9C7AF /* MBAnchorViewCell.m in Sources */,
				5105C8C8204E3FB5000848CD /* NSObject+MBHUD.m in Sources */,
				51F8D92B20492C7500B9A10C /* MBDiscoverViewController.m in Sources */,
				51ED0030204FBE0100B9C7AF /* MBFollowVc.m in Sources */,
				51ED0015204F85D500B9C7AF /* UIViewController+MBExtension.m in Sources */,
				51F8D931204A698500B9A10C /* MBTabBarController.m in Sources */,
				51ED0026204F959700B9C7AF /* MBWebVc.m in Sources */,
				51F8D915204929DA00B9A10C /* main.m in Sources */,
				51B939FB204E76AD00631AAF /* UIView+MBExtension.m in Sources */,
				5105C8C5204E3E66000848CD /* UIDevice+MBExtension.m in Sources */,
				5105C8BC204E34E4000848CD /* MBThirdLogin.m in Sources */,
				51B93A39204E8E0300631AAF /* MBConstant.m in Sources */,
				51ED0012204F832600B9C7AF /* MBRefresh.m in Sources */,
				51B93A35204E8CB000631AAF /* MBSelectedView.m in Sources */,
				51F8D8EA2048E8F000B9A10C /* ViewController.m in Sources */,
				51ED000F204F7C6100B9C7AF /* UIImage+MBExtension.m in Sources */,
				51B939F8204E762D00631AAF /* MBTopWindow.m in Sources */,
				51B939F0204E738C00631AAF /* Reachability.m in Sources */,
				51B93A43204E90FB00631AAF /* MBHotCell.m in Sources */,
				51ED0036204FDC8600B9C7AF /* MBUser.m in Sources */,
				51F57548204CF27F0030CFD1 /* UIViewController+MBHUD.m in Sources */,
				51F8D934204A8CAD00B9A10C /* MBNavigationController.m in Sources */,
				51B939F5204E74B300631AAF /* MBNetworkTool.m in Sources */,
				51ED002B204FBD7E00B9C7AF /* MBNewVc.m in Sources */,
				51ED001C204F87A700B9C7AF /* MBHotADModel.m in Sources */,
				510848972051089900A30BBF /* MBLiveCell.m in Sources */,
				5108489A205109D800A30BBF /* MBBottomToolView.m in Sources */,
				51ED0018204F865B00B9C7AF /* UIImageView+MBExtension.m in Sources */,
				51F8D92E20492C9B00B9A10C /* MBProfileViewController.m in Sources */,
				51B93A2F204E852600631AAF /* MBHomeLiveModel.m in Sources */,
				51F8D92520492C5D00B9A10C /* MBFollowViewController.m in Sources */,
				51F8D916204929DA00B9A10C /* AppDelegate.m in Sources */,
			);
			runOnlyForDeploymentPostprocessing = 0;
		};
		51F8D8F62048E8F100B9A10C /* Sources */ = {
			isa = PBXSourcesBuildPhase;
			buildActionMask = 2147483647;
			files = (
				51F8D8FF2048E8F100B9A10C /* MBLive_iOSTests.m in Sources */,
			);
			runOnlyForDeploymentPostprocessing = 0;
		};
/* End PBXSourcesBuildPhase section */

/* Begin PBXTargetDependency section */
		51F8D8FC2048E8F100B9A10C /* PBXTargetDependency */ = {
			isa = PBXTargetDependency;
			target = 51F8D8E12048E8F000B9A10C /* MBLive_iOS */;
			targetProxy = 51F8D8FB2048E8F100B9A10C /* PBXContainerItemProxy */;
		};
/* End PBXTargetDependency section */

/* Begin PBXVariantGroup section */
		51F8D8EB2048E8F000B9A10C /* Main.storyboard */ = {
			isa = PBXVariantGroup;
			children = (
				51F8D8EC2048E8F000B9A10C /* Base */,
			);
			name = Main.storyboard;
			sourceTree = "<group>";
		};
		51F8D8F02048E8F000B9A10C /* LaunchScreen.storyboard */ = {
			isa = PBXVariantGroup;
			children = (
				51F8D8F12048E8F000B9A10C /* Base */,
			);
			name = LaunchScreen.storyboard;
			sourceTree = "<group>";
		};
/* End PBXVariantGroup section */

/* Begin XCBuildConfiguration section */
		51F8D9012048E8F100B9A10C /* Debug */ = {
			isa = XCBuildConfiguration;
			buildSettings = {
				ALWAYS_SEARCH_USER_PATHS = NO;
				CLANG_ANALYZER_NONNULL = YES;
				CLANG_ANALYZER_NUMBER_OBJECT_CONVERSION = YES_AGGRESSIVE;
				CLANG_CXX_LANGUAGE_STANDARD = "gnu++14";
				CLANG_CXX_LIBRARY = "libc++";
				CLANG_ENABLE_MODULES = YES;
				CLANG_ENABLE_OBJC_ARC = YES;
				CLANG_WARN_BLOCK_CAPTURE_AUTORELEASING = YES;
				CLANG_WARN_BOOL_CONVERSION = YES;
				CLANG_WARN_COMMA = YES;
				CLANG_WARN_CONSTANT_CONVERSION = YES;
				CLANG_WARN_DIRECT_OBJC_ISA_USAGE = YES_ERROR;
				CLANG_WARN_DOCUMENTATION_COMMENTS = YES;
				CLANG_WARN_EMPTY_BODY = YES;
				CLANG_WARN_ENUM_CONVERSION = YES;
				CLANG_WARN_INFINITE_RECURSION = YES;
				CLANG_WARN_INT_CONVERSION = YES;
				CLANG_WARN_NON_LITERAL_NULL_CONVERSION = YES;
				CLANG_WARN_OBJC_LITERAL_CONVERSION = YES;
				CLANG_WARN_OBJC_ROOT_CLASS = YES_ERROR;
				CLANG_WARN_RANGE_LOOP_ANALYSIS = YES;
				CLANG_WARN_STRICT_PROTOTYPES = YES;
				CLANG_WARN_SUSPICIOUS_MOVE = YES;
				CLANG_WARN_UNGUARDED_AVAILABILITY = YES_AGGRESSIVE;
				CLANG_WARN_UNREACHABLE_CODE = YES;
				CLANG_WARN__DUPLICATE_METHOD_MATCH = YES;
				CODE_SIGN_IDENTITY = "iPhone Developer";
				COPY_PHASE_STRIP = NO;
				DEBUG_INFORMATION_FORMAT = dwarf;
				ENABLE_STRICT_OBJC_MSGSEND = YES;
				ENABLE_TESTABILITY = YES;
				GCC_C_LANGUAGE_STANDARD = gnu11;
				GCC_DYNAMIC_NO_PIC = NO;
				GCC_NO_COMMON_BLOCKS = YES;
				GCC_OPTIMIZATION_LEVEL = 0;
				GCC_PREPROCESSOR_DEFINITIONS = (
					"DEBUG=1",
					"$(inherited)",
				);
				GCC_WARN_64_TO_32_BIT_CONVERSION = YES;
				GCC_WARN_ABOUT_RETURN_TYPE = YES_ERROR;
				GCC_WARN_UNDECLARED_SELECTOR = YES;
				GCC_WARN_UNINITIALIZED_AUTOS = YES_AGGRESSIVE;
				GCC_WARN_UNUSED_FUNCTION = YES;
				GCC_WARN_UNUSED_VARIABLE = YES;
				IPHONEOS_DEPLOYMENT_TARGET = 11.2;
				MTL_ENABLE_DEBUG_INFO = YES;
				ONLY_ACTIVE_ARCH = YES;
				SDKROOT = iphoneos;
			};
			name = Debug;
		};
		51F8D9022048E8F100B9A10C /* Release */ = {
			isa = XCBuildConfiguration;
			buildSettings = {
				ALWAYS_SEARCH_USER_PATHS = NO;
				CLANG_ANALYZER_NONNULL = YES;
				CLANG_ANALYZER_NUMBER_OBJECT_CONVERSION = YES_AGGRESSIVE;
				CLANG_CXX_LANGUAGE_STANDARD = "gnu++14";
				CLANG_CXX_LIBRARY = "libc++";
				CLANG_ENABLE_MODULES = YES;
				CLANG_ENABLE_OBJC_ARC = YES;
				CLANG_WARN_BLOCK_CAPTURE_AUTORELEASING = YES;
				CLANG_WARN_BOOL_CONVERSION = YES;
				CLANG_WARN_COMMA = YES;
				CLANG_WARN_CONSTANT_CONVERSION = YES;
				CLANG_WARN_DIRECT_OBJC_ISA_USAGE = YES_ERROR;
				CLANG_WARN_DOCUMENTATION_COMMENTS = YES;
				CLANG_WARN_EMPTY_BODY = YES;
				CLANG_WARN_ENUM_CONVERSION = YES;
				CLANG_WARN_INFINITE_RECURSION = YES;
				CLANG_WARN_INT_CONVERSION = YES;
				CLANG_WARN_NON_LITERAL_NULL_CONVERSION = YES;
				CLANG_WARN_OBJC_LITERAL_CONVERSION = YES;
				CLANG_WARN_OBJC_ROOT_CLASS = YES_ERROR;
				CLANG_WARN_RANGE_LOOP_ANALYSIS = YES;
				CLANG_WARN_STRICT_PROTOTYPES = YES;
				CLANG_WARN_SUSPICIOUS_MOVE = YES;
				CLANG_WARN_UNGUARDED_AVAILABILITY = YES_AGGRESSIVE;
				CLANG_WARN_UNREACHABLE_CODE = YES;
				CLANG_WARN__DUPLICATE_METHOD_MATCH = YES;
				CODE_SIGN_IDENTITY = "iPhone Developer";
				COPY_PHASE_STRIP = NO;
				DEBUG_INFORMATION_FORMAT = "dwarf-with-dsym";
				ENABLE_NS_ASSERTIONS = NO;
				ENABLE_STRICT_OBJC_MSGSEND = YES;
				GCC_C_LANGUAGE_STANDARD = gnu11;
				GCC_NO_COMMON_BLOCKS = YES;
				GCC_WARN_64_TO_32_BIT_CONVERSION = YES;
				GCC_WARN_ABOUT_RETURN_TYPE = YES_ERROR;
				GCC_WARN_UNDECLARED_SELECTOR = YES;
				GCC_WARN_UNINITIALIZED_AUTOS = YES_AGGRESSIVE;
				GCC_WARN_UNUSED_FUNCTION = YES;
				GCC_WARN_UNUSED_VARIABLE = YES;
				IPHONEOS_DEPLOYMENT_TARGET = 11.2;
				MTL_ENABLE_DEBUG_INFO = NO;
				SDKROOT = iphoneos;
				VALIDATE_PRODUCT = YES;
			};
			name = Release;
		};
		51F8D9042048E8F100B9A10C /* Debug */ = {
			isa = XCBuildConfiguration;
			baseConfigurationReference = B77457B2AEDD3F5DF8265FDF /* Pods-MBLive_iOS.debug.xcconfig */;
			buildSettings = {
				ASSETCATALOG_COMPILER_APPICON_NAME = AppIcon;
				CODE_SIGN_STYLE = Automatic;
				FRAMEWORK_SEARCH_PATHS = (
					"$(inherited)",
					"$(PROJECT_DIR)/MBLive_iOS/Classes/Other",
				);
				GCC_INCREASE_PRECOMPILED_HEADER_SHARING = NO;
				GCC_PRECOMPILE_PREFIX_HEADER = YES;
				GCC_PREFIX_HEADER = "$(SRCROOT)/MBLive_iOS/Classes/Main/PrefixHeader.pch";
				INFOPLIST_FILE = MBLive_iOS/Info.plist;
				IPHONEOS_DEPLOYMENT_TARGET = 10.3;
				LD_RUNPATH_SEARCH_PATHS = "$(inherited) @executable_path/Frameworks";
				PRODUCT_BUNDLE_IDENTIFIER = "Mr.Qu.MBLive-iOS";
				PRODUCT_NAME = "$(TARGET_NAME)";
				TARGETED_DEVICE_FAMILY = "1,2";
			};
			name = Debug;
		};
		51F8D9052048E8F100B9A10C /* Release */ = {
			isa = XCBuildConfiguration;
			baseConfigurationReference = A23421D7DD3A76751E2BE80F /* Pods-MBLive_iOS.release.xcconfig */;
			buildSettings = {
				ASSETCATALOG_COMPILER_APPICON_NAME = AppIcon;
				CODE_SIGN_STYLE = Automatic;
				FRAMEWORK_SEARCH_PATHS = (
					"$(inherited)",
					"$(PROJECT_DIR)/MBLive_iOS/Classes/Other",
				);
				GCC_INCREASE_PRECOMPILED_HEADER_SHARING = NO;
				GCC_PRECOMPILE_PREFIX_HEADER = YES;
				GCC_PREFIX_HEADER = "$(SRCROOT)/MBLive_iOS/Classes/Main/PrefixHeader.pch";
				INFOPLIST_FILE = MBLive_iOS/Info.plist;
				IPHONEOS_DEPLOYMENT_TARGET = 10.3;
				LD_RUNPATH_SEARCH_PATHS = "$(inherited) @executable_path/Frameworks";
				PRODUCT_BUNDLE_IDENTIFIER = "Mr.Qu.MBLive-iOS";
				PRODUCT_NAME = "$(TARGET_NAME)";
				TARGETED_DEVICE_FAMILY = "1,2";
			};
			name = Release;
		};
		51F8D9072048E8F100B9A10C /* Debug */ = {
			isa = XCBuildConfiguration;
			baseConfigurationReference = 3700F1B9BA91742E7008360B /* Pods-MBLive_iOSTests.debug.xcconfig */;
			buildSettings = {
				BUNDLE_LOADER = "$(TEST_HOST)";
				CODE_SIGN_STYLE = Automatic;
				INFOPLIST_FILE = MBLive_iOSTests/Info.plist;
				LD_RUNPATH_SEARCH_PATHS = "$(inherited) @executable_path/Frameworks @loader_path/Frameworks";
				PRODUCT_BUNDLE_IDENTIFIER = "Mr.Qu.MBLive-iOSTests";
				PRODUCT_NAME = "$(TARGET_NAME)";
				TARGETED_DEVICE_FAMILY = "1,2";
				TEST_HOST = "$(BUILT_PRODUCTS_DIR)/MBLive_iOS.app/MBLive_iOS";
			};
			name = Debug;
		};
		51F8D9082048E8F100B9A10C /* Release */ = {
			isa = XCBuildConfiguration;
			baseConfigurationReference = 23376C486A9B35C9419651E0 /* Pods-MBLive_iOSTests.release.xcconfig */;
			buildSettings = {
				BUNDLE_LOADER = "$(TEST_HOST)";
				CODE_SIGN_STYLE = Automatic;
				INFOPLIST_FILE = MBLive_iOSTests/Info.plist;
				LD_RUNPATH_SEARCH_PATHS = "$(inherited) @executable_path/Frameworks @loader_path/Frameworks";
				PRODUCT_BUNDLE_IDENTIFIER = "Mr.Qu.MBLive-iOSTests";
				PRODUCT_NAME = "$(TARGET_NAME)";
				TARGETED_DEVICE_FAMILY = "1,2";
				TEST_HOST = "$(BUILT_PRODUCTS_DIR)/MBLive_iOS.app/MBLive_iOS";
			};
			name = Release;
		};
/* End XCBuildConfiguration section */

/* Begin XCConfigurationList section */
		51F8D8DD2048E8F000B9A10C /* Build configuration list for PBXProject "MBLive_iOS" */ = {
			isa = XCConfigurationList;
			buildConfigurations = (
				51F8D9012048E8F100B9A10C /* Debug */,
				51F8D9022048E8F100B9A10C /* Release */,
			);
			defaultConfigurationIsVisible = 0;
			defaultConfigurationName = Release;
		};
		51F8D9032048E8F100B9A10C /* Build configuration list for PBXNativeTarget "MBLive_iOS" */ = {
			isa = XCConfigurationList;
			buildConfigurations = (
				51F8D9042048E8F100B9A10C /* Debug */,
				51F8D9052048E8F100B9A10C /* Release */,
			);
			defaultConfigurationIsVisible = 0;
			defaultConfigurationName = Release;
		};
		51F8D9062048E8F100B9A10C /* Build configuration list for PBXNativeTarget "MBLive_iOSTests" */ = {
			isa = XCConfigurationList;
			buildConfigurations = (
				51F8D9072048E8F100B9A10C /* Debug */,
				51F8D9082048E8F100B9A10C /* Release */,
			);
			defaultConfigurationIsVisible = 0;
			defaultConfigurationName = Release;
		};
/* End XCConfigurationList section */
	};
	rootObject = 51F8D8DA2048E8F000B9A10C /* Project object */;
}
